
Microsoft Visual Studio Solution File, Format Version 12.00
# Visual Studio Version 17
VisualStudioVersion = 17.11.35327.3
MinimumVisualStudioVersion = 10.0.40219.1
Project("{8BC9CEB8-8B4A-11D0-8D11-00A0C91BC942}") = "Lab3", "Lab3\Lab3.vcxproj", "{7502B34A-8A2B-45DA-A3A8-803A8077E7E6}"
EndProject
Global
	GlobalSection(SolutionConfigurationPlatforms) = preSolution
		Debug|x64 = Debug|x64
		Debug|x86 = Debug|x86
		Release|x64 = Release|x64
		Release|x86 = Release|x86
	EndGlobalSection
	GlobalSection(ProjectConfigurationPlatforms) = postSolution
		{7502B34A-8A2B-45DA-A3A8-803A8077E7E6}.Debug|x64.ActiveCfg = Debug|x64
		{7502B34A-8A2B-45DA-A3A8-803A8077E7E6}.Debug|x64.Build.0 = Debug|x64
		{7502B34A-8A2B-45DA-A3A8-803A8077E7E6}.Debug|x86.ActiveCfg = Debug|Win32
		{7502B34A-8A2B-45DA-A3A8-803A8077E7E6}.Debug|x86.Build.0 = Debug|Win32
		{7502B34A-8A2B-45DA-A3A8-803A8077E7E6}.Release|x64.ActiveCfg = Release|x64
		{7502B34A-8A2B-45DA-A3A8-803A8077E7E6}.Release|x64.Build.0 = Release|x64
		{7502B34A-8A2B-45DA-A3A8-803A8077E7E6}.Release|x86.ActiveCfg = Release|Win32
		{7502B34A-8A2B-45DA-A3A8-803A8077E7E6}.Release|x86.Build.0 = Release|Win32
	EndGlobalSection
	GlobalSection(SolutionProperties) = preSolution
		HideSolutionNode = FALSE
	EndGlobalSection
	GlobalSection(ExtensibilityGlobals) = postSolution
		SolutionGuid = {B07D2E25-E775-4429-BE47-7C5BF5EED6FE}
	EndGlobalSection
EndGlobal
